
Microsoft Visual Studio Solution File, Format Version 12.00
# Visual Studio Version 17
VisualStudioVersion = 17.5.33502.453
MinimumVisualStudioVersion = 10.0.40219.1
Project("{9A19103F-16F7-4668-BE54-9A1E7A4F7556}") = "JWTest", "JWTest\JWTest.csproj", "{C171A1EF-74CA-4B1F-BDA5-A2E21AA1D3D1}"
EndProject
Project("{FAE04EC0-301F-11D3-BF4B-00C04F79EFBC}") = "JWTest.Core", "JWTest.Core\JWTest.Core.csproj", "{C1AD0EAF-870D-4DB4-8D15-2484F0A4A1DA}"
EndProject
Project("{FAE04EC0-301F-11D3-BF4B-00C04F79EFBC}") = "JWTest.Web", "JWTest.Web\JWTest.Web.csproj", "{EC467DE1-61A8-440E-9109-855DACD68C76}"
EndProject
Global
	GlobalSection(SolutionConfigurationPlatforms) = preSolution
		Debug|Any CPU = Debug|Any CPU
		Release|Any CPU = Release|Any CPU
	EndGlobalSection
	GlobalSection(ProjectConfigurationPlatforms) = postSolution
		{C171A1EF-74CA-4B1F-BDA5-A2E21AA1D3D1}.Debug|Any CPU.ActiveCfg = Debug|Any CPU
		{C171A1EF-74CA-4B1F-BDA5-A2E21AA1D3D1}.Debug|Any CPU.Build.0 = Debug|Any CPU
		{C171A1EF-74CA-4B1F-BDA5-A2E21AA1D3D1}.Release|Any CPU.ActiveCfg = Release|Any CPU
		{C171A1EF-74CA-4B1F-BDA5-A2E21AA1D3D1}.Release|Any CPU.Build.0 = Release|Any CPU
		{C1AD0EAF-870D-4DB4-8D15-2484F0A4A1DA}.Debug|Any CPU.ActiveCfg = Debug|Any CPU
		{C1AD0EAF-870D-4DB4-8D15-2484F0A4A1DA}.Debug|Any CPU.Build.0 = Debug|Any CPU
		{C1AD0EAF-870D-4DB4-8D15-2484F0A4A1DA}.Release|Any CPU.ActiveCfg = Release|Any CPU
		{C1AD0EAF-870D-4DB4-8D15-2484F0A4A1DA}.Release|Any CPU.Build.0 = Release|Any CPU
		{EC467DE1-61A8-440E-9109-855DACD68C76}.Debug|Any CPU.ActiveCfg = Debug|Any CPU
		{EC467DE1-61A8-440E-9109-855DACD68C76}.Debug|Any CPU.Build.0 = Debug|Any CPU
		{EC467DE1-61A8-440E-9109-855DACD68C76}.Release|Any CPU.ActiveCfg = Release|Any CPU
		{EC467DE1-61A8-440E-9109-855DACD68C76}.Release|Any CPU.Build.0 = Release|Any CPU
	EndGlobalSection
	GlobalSection(SolutionProperties) = preSolution
		HideSolutionNode = FALSE
	EndGlobalSection
	GlobalSection(ExtensibilityGlobals) = postSolution
		SolutionGuid = {DC6DA9DF-8F4E-47AF-9F0B-ED57C4F09023}
	EndGlobalSection
EndGlobal
