
Microsoft Visual Studio Solution File, Format Version 12.00
# Visual Studio Version 17
VisualStudioVersion = 17.11.34805.233
MinimumVisualStudioVersion = 10.0.40219.1
Project("{9A19103F-16F7-4668-BE54-9A1E7A4F7556}") = "app", "app.csproj", "{0674AD2F-58CB-44F8-85D9-06A5A03D1BE6}"
EndProject
Global
	GlobalSection(SolutionConfigurationPlatforms) = preSolution
		Debug|Any CPU = Debug|Any CPU
		Release|Any CPU = Release|Any CPU
	EndGlobalSection
	GlobalSection(ProjectConfigurationPlatforms) = postSolution
		{0674AD2F-58CB-44F8-85D9-06A5A03D1BE6}.Debug|Any CPU.ActiveCfg = Debug|Any CPU
		{0674AD2F-58CB-44F8-85D9-06A5A03D1BE6}.Debug|Any CPU.Build.0 = Debug|Any CPU
		{0674AD2F-58CB-44F8-85D9-06A5A03D1BE6}.Release|Any CPU.ActiveCfg = Release|Any CPU
		{0674AD2F-58CB-44F8-85D9-06A5A03D1BE6}.Release|Any CPU.Build.0 = Release|Any CPU
	EndGlobalSection
	GlobalSection(SolutionProperties) = preSolution
		HideSolutionNode = FALSE
	EndGlobalSection
	GlobalSection(ExtensibilityGlobals) = postSolution
		SolutionGuid = {8BCD847C-EAD2-47BF-9CEA-2D2EAF1C5A49}
	EndGlobalSection
EndGlobal
